
Microsoft Visual Studio Solution File, Format Version 12.00
# Visual Studio Version 16
VisualStudioVersion = 16.0.30621.155
MinimumVisualStudioVersion = 10.0.40219.1
Project("{888888A0-9F3D-457C-B088-3A5042F75D52}") = "HTTPRequestL6", "HTTPRequestL6.pyproj", "{2A5E682F-6DFC-4E51-9AB7-2E871E1F06D4}"
EndProject
Global
	GlobalSection(SolutionConfigurationPlatforms) = preSolution
		Debug|Any CPU = Debug|Any CPU
		Release|Any CPU = Release|Any CPU
	EndGlobalSection
	GlobalSection(ProjectConfigurationPlatforms) = postSolution
		{2A5E682F-6DFC-4E51-9AB7-2E871E1F06D4}.Debug|Any CPU.ActiveCfg = Debug|Any CPU
		{2A5E682F-6DFC-4E51-9AB7-2E871E1F06D4}.Debug|Any CPU.Build.0 = Debug|Any CPU
		{2A5E682F-6DFC-4E51-9AB7-2E871E1F06D4}.Release|Any CPU.ActiveCfg = Release|Any CPU
		{2A5E682F-6DFC-4E51-9AB7-2E871E1F06D4}.Release|Any CPU.Build.0 = Release|Any CPU
	EndGlobalSection
	GlobalSection(SolutionProperties) = preSolution
		HideSolutionNode = FALSE
	EndGlobalSection
	GlobalSection(ExtensibilityGlobals) = postSolution
		SolutionGuid = {6B098548-44F8-413A-82A9-0DD495849CBD}
	EndGlobalSection
EndGlobal
